
Microsoft Visual Studio Solution File, Format Version 12.00
# Visual Studio Version 16
VisualStudioVersion = 16.0.31702.278
MinimumVisualStudioVersion = 10.0.40219.1
Project("{888888A0-9F3D-457C-B088-3A5042F75D52}") = "lab8", "lab8.pyproj", "{CB6C5172-7AC5-4458-A783-D919B86EB818}"
EndProject
Global
	GlobalSection(SolutionConfigurationPlatforms) = preSolution
		Debug|Any CPU = Debug|Any CPU
		Release|Any CPU = Release|Any CPU
	EndGlobalSection
	GlobalSection(ProjectConfigurationPlatforms) = postSolution
		{CB6C5172-7AC5-4458-A783-D919B86EB818}.Debug|Any CPU.ActiveCfg = Debug|Any CPU
		{CB6C5172-7AC5-4458-A783-D919B86EB818}.Release|Any CPU.ActiveCfg = Release|Any CPU
	EndGlobalSection
	GlobalSection(SolutionProperties) = preSolution
		HideSolutionNode = FALSE
	EndGlobalSection
	GlobalSection(ExtensibilityGlobals) = postSolution
		SolutionGuid = {5C54C724-0C47-4B72-9639-FE2523D34546}
	EndGlobalSection
EndGlobal
