
Microsoft Visual Studio Solution File, Format Version 12.00
# Visual Studio Version 16
VisualStudioVersion = 16.0.31702.278
MinimumVisualStudioVersion = 10.0.40219.1
Project("{888888A0-9F3D-457C-B088-3A5042F75D52}") = "lab9", "lab9.pyproj", "{6FA311CA-510E-4BB2-9CB0-4A5054F93550}"
EndProject
Global
	GlobalSection(SolutionConfigurationPlatforms) = preSolution
		Debug|Any CPU = Debug|Any CPU
		Release|Any CPU = Release|Any CPU
	EndGlobalSection
	GlobalSection(ProjectConfigurationPlatforms) = postSolution
		{6FA311CA-510E-4BB2-9CB0-4A5054F93550}.Debug|Any CPU.ActiveCfg = Debug|Any CPU
		{6FA311CA-510E-4BB2-9CB0-4A5054F93550}.Release|Any CPU.ActiveCfg = Release|Any CPU
	EndGlobalSection
	GlobalSection(SolutionProperties) = preSolution
		HideSolutionNode = FALSE
	EndGlobalSection
	GlobalSection(ExtensibilityGlobals) = postSolution
		SolutionGuid = {AC5D9AD0-B9AA-4F85-8A3E-2C30DCC38DC3}
	EndGlobalSection
EndGlobal
