
Microsoft Visual Studio Solution File, Format Version 12.00
# Visual Studio Version 16
VisualStudioVersion = 16.0.31702.278
MinimumVisualStudioVersion = 10.0.40219.1
Project("{888888A0-9F3D-457C-B088-3A5042F75D52}") = "lab10", "lab10.pyproj", "{B31C5974-BAEC-4B6A-9E68-46ED2C983E44}"
EndProject
Global
	GlobalSection(SolutionConfigurationPlatforms) = preSolution
		Debug|Any CPU = Debug|Any CPU
		Release|Any CPU = Release|Any CPU
	EndGlobalSection
	GlobalSection(ProjectConfigurationPlatforms) = postSolution
		{B31C5974-BAEC-4B6A-9E68-46ED2C983E44}.Debug|Any CPU.ActiveCfg = Debug|Any CPU
		{B31C5974-BAEC-4B6A-9E68-46ED2C983E44}.Release|Any CPU.ActiveCfg = Release|Any CPU
	EndGlobalSection
	GlobalSection(SolutionProperties) = preSolution
		HideSolutionNode = FALSE
	EndGlobalSection
	GlobalSection(ExtensibilityGlobals) = postSolution
		SolutionGuid = {C601EB89-95AC-4C88-AEB4-E7C67397E26B}
	EndGlobalSection
EndGlobal
