
Microsoft Visual Studio Solution File, Format Version 12.00
# Visual Studio Version 16
VisualStudioVersion = 16.0.30011.22
MinimumVisualStudioVersion = 10.0.40219.1
Project("{FAE04EC0-301F-11D3-BF4B-00C04F79EFBC}") = "Lab3", "Lab3\Lab3.csproj", "{B650F13D-7E3E-4C93-AF24-B3A3193A5FA7}"
EndProject
Global
	GlobalSection(SolutionConfigurationPlatforms) = preSolution
		Debug|Any CPU = Debug|Any CPU
		Release|Any CPU = Release|Any CPU
	EndGlobalSection
	GlobalSection(ProjectConfigurationPlatforms) = postSolution
		{B650F13D-7E3E-4C93-AF24-B3A3193A5FA7}.Debug|Any CPU.ActiveCfg = Debug|Any CPU
		{B650F13D-7E3E-4C93-AF24-B3A3193A5FA7}.Debug|Any CPU.Build.0 = Debug|Any CPU
		{B650F13D-7E3E-4C93-AF24-B3A3193A5FA7}.Release|Any CPU.ActiveCfg = Release|Any CPU
		{B650F13D-7E3E-4C93-AF24-B3A3193A5FA7}.Release|Any CPU.Build.0 = Release|Any CPU
	EndGlobalSection
	GlobalSection(SolutionProperties) = preSolution
		HideSolutionNode = FALSE
	EndGlobalSection
	GlobalSection(ExtensibilityGlobals) = postSolution
		SolutionGuid = {5763D5D8-F428-4008-AD06-7331B8D6EB04}
	EndGlobalSection
EndGlobal
