
Microsoft Visual Studio Solution File, Format Version 12.00
# Visual Studio Version 16
VisualStudioVersion = 16.0.30717.126
MinimumVisualStudioVersion = 10.0.40219.1
Project("{FAE04EC0-301F-11D3-BF4B-00C04F79EFBC}") = "labs5", "labs5\labs5.csproj", "{71351B13-A182-4C90-844A-92E786805025}"
EndProject
Global
	GlobalSection(SolutionConfigurationPlatforms) = preSolution
		Debug|Any CPU = Debug|Any CPU
		Release|Any CPU = Release|Any CPU
	EndGlobalSection
	GlobalSection(ProjectConfigurationPlatforms) = postSolution
		{71351B13-A182-4C90-844A-92E786805025}.Debug|Any CPU.ActiveCfg = Debug|Any CPU
		{71351B13-A182-4C90-844A-92E786805025}.Debug|Any CPU.Build.0 = Debug|Any CPU
		{71351B13-A182-4C90-844A-92E786805025}.Release|Any CPU.ActiveCfg = Release|Any CPU
		{71351B13-A182-4C90-844A-92E786805025}.Release|Any CPU.Build.0 = Release|Any CPU
	EndGlobalSection
	GlobalSection(SolutionProperties) = preSolution
		HideSolutionNode = FALSE
	EndGlobalSection
	GlobalSection(ExtensibilityGlobals) = postSolution
		SolutionGuid = {69A52F19-AFAA-4F29-8B1E-C991B3827086}
	EndGlobalSection
EndGlobal
