
Microsoft Visual Studio Solution File, Format Version 12.00
# Visual Studio Version 16
VisualStudioVersion = 16.0.31702.278
MinimumVisualStudioVersion = 10.0.40219.1
Project("{888888A0-9F3D-457C-B088-3A5042F75D52}") = "lab11", "lab11.pyproj", "{C3B3B49B-1616-40AD-852C-E2C2F85A3FC1}"
EndProject
Global
	GlobalSection(SolutionConfigurationPlatforms) = preSolution
		Debug|Any CPU = Debug|Any CPU
		Release|Any CPU = Release|Any CPU
	EndGlobalSection
	GlobalSection(ProjectConfigurationPlatforms) = postSolution
		{C3B3B49B-1616-40AD-852C-E2C2F85A3FC1}.Debug|Any CPU.ActiveCfg = Debug|Any CPU
		{C3B3B49B-1616-40AD-852C-E2C2F85A3FC1}.Release|Any CPU.ActiveCfg = Release|Any CPU
	EndGlobalSection
	GlobalSection(SolutionProperties) = preSolution
		HideSolutionNode = FALSE
	EndGlobalSection
	GlobalSection(ExtensibilityGlobals) = postSolution
		SolutionGuid = {98AF068F-3768-4166-9FDF-937412247F13}
	EndGlobalSection
EndGlobal
