
Microsoft Visual Studio Solution File, Format Version 12.00
# Visual Studio Version 16
VisualStudioVersion = 16.0.31025.194
MinimumVisualStudioVersion = 10.0.40219.1
Project("{FAE04EC0-301F-11D3-BF4B-00C04F79EFBC}") = "Lab9", "Lab9\Lab9.csproj", "{DD7FA990-A13D-4243-BF08-C490ABD1650C}"
EndProject
Global
	GlobalSection(SolutionConfigurationPlatforms) = preSolution
		Debug|Any CPU = Debug|Any CPU
		Release|Any CPU = Release|Any CPU
	EndGlobalSection
	GlobalSection(ProjectConfigurationPlatforms) = postSolution
		{DD7FA990-A13D-4243-BF08-C490ABD1650C}.Debug|Any CPU.ActiveCfg = Debug|Any CPU
		{DD7FA990-A13D-4243-BF08-C490ABD1650C}.Debug|Any CPU.Build.0 = Debug|Any CPU
		{DD7FA990-A13D-4243-BF08-C490ABD1650C}.Release|Any CPU.ActiveCfg = Release|Any CPU
		{DD7FA990-A13D-4243-BF08-C490ABD1650C}.Release|Any CPU.Build.0 = Release|Any CPU
	EndGlobalSection
	GlobalSection(SolutionProperties) = preSolution
		HideSolutionNode = FALSE
	EndGlobalSection
	GlobalSection(ExtensibilityGlobals) = postSolution
		SolutionGuid = {4A2A1BCD-DF52-49C9-AEBA-CBA71D097726}
	EndGlobalSection
EndGlobal
