
Microsoft Visual Studio Solution File, Format Version 12.00
# Visual Studio Version 16
VisualStudioVersion = 16.0.31702.278
MinimumVisualStudioVersion = 10.0.40219.1
Project("{888888A0-9F3D-457C-B088-3A5042F75D52}") = "lab5", "lab5.pyproj", "{0DF371F9-3671-45DA-9EDB-C88930E0378A}"
EndProject
Global
	GlobalSection(SolutionConfigurationPlatforms) = preSolution
		Debug|Any CPU = Debug|Any CPU
		Release|Any CPU = Release|Any CPU
	EndGlobalSection
	GlobalSection(ProjectConfigurationPlatforms) = postSolution
		{0DF371F9-3671-45DA-9EDB-C88930E0378A}.Debug|Any CPU.ActiveCfg = Debug|Any CPU
		{0DF371F9-3671-45DA-9EDB-C88930E0378A}.Release|Any CPU.ActiveCfg = Release|Any CPU
	EndGlobalSection
	GlobalSection(SolutionProperties) = preSolution
		HideSolutionNode = FALSE
	EndGlobalSection
	GlobalSection(ExtensibilityGlobals) = postSolution
		SolutionGuid = {EC5E43D7-520C-4053-88C4-EB5C831C9455}
	EndGlobalSection
EndGlobal
