
Microsoft Visual Studio Solution File, Format Version 12.00
# Visual Studio Version 17
VisualStudioVersion = 17.1.32407.343
MinimumVisualStudioVersion = 10.0.40219.1
Project("{FAE04EC0-301F-11D3-BF4B-00C04F79EFBC}") = "Lab7", "Lab7\Lab7.csproj", "{7B832E8F-1105-4784-8C0D-F4436452B695}"
EndProject
Global
	GlobalSection(SolutionConfigurationPlatforms) = preSolution
		Debug|Any CPU = Debug|Any CPU
		Release|Any CPU = Release|Any CPU
	EndGlobalSection
	GlobalSection(ProjectConfigurationPlatforms) = postSolution
		{7B832E8F-1105-4784-8C0D-F4436452B695}.Debug|Any CPU.ActiveCfg = Debug|Any CPU
		{7B832E8F-1105-4784-8C0D-F4436452B695}.Debug|Any CPU.Build.0 = Debug|Any CPU
		{7B832E8F-1105-4784-8C0D-F4436452B695}.Release|Any CPU.ActiveCfg = Release|Any CPU
		{7B832E8F-1105-4784-8C0D-F4436452B695}.Release|Any CPU.Build.0 = Release|Any CPU
	EndGlobalSection
	GlobalSection(SolutionProperties) = preSolution
		HideSolutionNode = FALSE
	EndGlobalSection
	GlobalSection(ExtensibilityGlobals) = postSolution
		SolutionGuid = {FE1A6BCB-E1F5-4A1B-A9A8-BBAA9D529B45}
	EndGlobalSection
EndGlobal
