
Microsoft Visual Studio Solution File, Format Version 12.00
Project("{FAE04EC0-301F-11D3-BF4B-00C04F79EFBC}") = "lab9", "lab9.csproj", "{F6ED07BA-D90C-4A36-9C3A-32EA96530935}"
EndProject
Global
	GlobalSection(SolutionConfigurationPlatforms) = preSolution
		Debug|Any CPU = Debug|Any CPU
		Release|Any CPU = Release|Any CPU
	EndGlobalSection
	GlobalSection(ProjectConfigurationPlatforms) = postSolution
		{F6ED07BA-D90C-4A36-9C3A-32EA96530935}.Debug|Any CPU.ActiveCfg = Debug|Any CPU
		{F6ED07BA-D90C-4A36-9C3A-32EA96530935}.Debug|Any CPU.Build.0 = Debug|Any CPU
		{F6ED07BA-D90C-4A36-9C3A-32EA96530935}.Release|Any CPU.ActiveCfg = Release|Any CPU
		{F6ED07BA-D90C-4A36-9C3A-32EA96530935}.Release|Any CPU.Build.0 = Release|Any CPU
	EndGlobalSection
EndGlobal
